{
    "name": "betterfloat",
    "version": "1.0.2",
    "lockfileVersion": 3,
    "requires": true,
    "packages": {
        "": {
            "name": "betterfloat",
            "version": "1.0.2",
            "dependencies": {
                "typescript": "4.5.5"
            },
            "devDependencies": {
                "@types/chrome": "^0.0.243",
                "@types/jquery": "^3.5.16",
                "@types/node": "^20.4.9",
                "@types/web": "^0.0.113"
            }
        },
        "node_modules/@types/chrome": {
            "version": "0.0.243",
            "resolved": "https://registry.npmjs.org/@types/chrome/-/chrome-0.0.243.tgz",
            "integrity": "sha512-4PHv0kxxxpZFHWPBiJJ9TWH8kbx0567j1b2djnhpJjpiSGNI7UKkz7dSEECBtQ0B3N5nQTMwSB/5IopkWGAbEA==",
            "dev": true,
            "dependencies": {
                "@types/filesystem": "*",
                "@types/har-format": "*"
            }
        },
        "node_modules/@types/filesystem": {
            "version": "0.0.32",
            "resolved": "https://registry.npmjs.org/@types/filesystem/-/filesystem-0.0.32.tgz",
            "integrity": "sha512-Yuf4jR5YYMR2DVgwuCiP11s0xuVRyPKmz8vo6HBY3CGdeMj8af93CFZX+T82+VD1+UqHOxTq31lO7MI7lepBtQ==",
            "dev": true,
            "dependencies": {
                "@types/filewriter": "*"
            }
        },
        "node_modules/@types/filewriter": {
            "version": "0.0.29",
            "resolved": "https://registry.npmjs.org/@types/filewriter/-/filewriter-0.0.29.tgz",
            "integrity": "sha512-BsPXH/irW0ht0Ji6iw/jJaK8Lj3FJemon2gvEqHKpCdDCeemHa+rI3WBGq5z7cDMZgoLjY40oninGxqk+8NzNQ==",
            "dev": true
        },
        "node_modules/@types/har-format": {
            "version": "1.2.11",
            "resolved": "https://registry.npmjs.org/@types/har-format/-/har-format-1.2.11.tgz",
            "integrity": "sha512-T232/TneofqK30AD1LRrrf8KnjLvzrjWDp7eWST5KoiSzrBfRsLrWDPk4STQPW4NZG6v2MltnduBVmakbZOBIQ==",
            "dev": true
        },
        "node_modules/@types/jquery": {
            "version": "3.5.16",
            "resolved": "https://registry.npmjs.org/@types/jquery/-/jquery-3.5.16.tgz",
            "integrity": "sha512-bsI7y4ZgeMkmpG9OM710RRzDFp+w4P1RGiIt30C1mSBT+ExCleeh4HObwgArnDFELmRrOpXgSYN9VF1hj+f1lw==",
            "dev": true,
            "dependencies": {
                "@types/sizzle": "*"
            }
        },
        "node_modules/@types/node": {
            "version": "20.4.9",
            "resolved": "https://registry.npmjs.org/@types/node/-/node-20.4.9.tgz",
            "integrity": "sha512-8e2HYcg7ohnTUbHk8focoklEQYvemQmu9M/f43DZVx43kHn0tE3BY/6gSDxS7k0SprtS0NHvj+L80cGLnoOUcQ==",
            "dev": true
        },
        "node_modules/@types/sizzle": {
            "version": "2.3.3",
            "resolved": "https://registry.npmjs.org/@types/sizzle/-/sizzle-2.3.3.tgz",
            "integrity": "sha512-JYM8x9EGF163bEyhdJBpR2QX1R5naCJHC8ucJylJ3w9/CVBaskdQ8WqBf8MmQrd1kRvp/a4TS8HJ+bxzR7ZJYQ==",
            "dev": true
        },
        "node_modules/@types/web": {
            "version": "0.0.113",
            "resolved": "https://registry.npmjs.org/@types/web/-/web-0.0.113.tgz",
            "integrity": "sha512-cHKZeeX0WtKTI7zHH7LSUKxi7yv4hEGWVHRJlMziRxRiUenzZ1Pg4X77VUWNyCFBce5Nlm+usLTndn7o7YvQKg==",
            "dev": true
        },
        "node_modules/typescript": {
            "version": "4.5.5",
            "resolved": "https://registry.npmjs.org/typescript/-/typescript-4.5.5.tgz",
            "integrity": "sha512-TCTIul70LyWe6IJWT8QSYeA54WQe8EjQFU4wY52Fasj5UKx88LNYKCgBEHcOMOrFF1rKGbD8v/xcNWVUq9SymA==",
            "bin": {
                "tsc": "bin/tsc",
                "tsserver": "bin/tsserver"
            },
            "engines": {
                "node": ">=4.2.0"
            }
        }
    }
}
